<?xml version="1.0" encoding="utf-8"?>
<Project ToolsVersion="4.0" xmlns="http://schemas.microsoft.com/developer/msbuild/2003">
  <ItemGroup>
    <Filter Include="Source Files">
      <UniqueIdentifier>{4FC737F1-C7A5-4376-A066-2A32D752A2FF}</UniqueIdentifier>
      <Extensions>cpp;c;cc;cxx;def;odl;idl;hpj;bat;asm;asmx</Extensions>
    </Filter>
    <Filter Include="Header Files">
      <UniqueIdentifier>{93995380-89BD-4b04-88EB-625FBE52EBFB}</UniqueIdentifier>
      <Extensions>h;hh;hpp;hxx;hm;inl;inc;ipp;xsd</Extensions>
    </Filter>
    <Filter Include="Resource Files">
      <UniqueIdentifier>{67DA6AB6-F800-4c08-8B7A-83BB121AAD01}</UniqueIdentifier>
      <Extensions>rc;ico;cur;bmp;dlg;rc2;rct;bin;rgs;gif;jpg;jpeg;jpe;resx;tiff;tif;png;wav;mfcribbon-ms</Extensions>
    </Filter>
  </ItemGroup>
  <ItemGroup>
    <ClCompile Include="Shared\Common.cpp">
      <Filter>Source Files</Filter>
    </ClCompile>
    <ClCompile Include="Shared\log.cpp">
      <Filter>Source Files</Filter>
    </ClCompile>
    <ClCompile Include="Shared\Utils.cpp">
      <Filter>Source Files</Filter>
    </ClCompile>
    <ClCompile Include="Anti Analysis\file.cpp">
      <Filter>Source Files</Filter>
    </ClCompile>
    <ClCompile Include="Anti Analysis\process.cpp">
      <Filter>Source Files</Filter>
    </ClCompile>
    <ClCompile Include="Anti Debug\CheckRemoteDebuggerPresentAPI.cpp">
      <Filter>Source Files</Filter>
    </ClCompile>
    <ClCompile Include="Anti Debug\CloseHandle_InvalidHandle.cpp">
      <Filter>Source Files</Filter>
    </ClCompile>
    <ClCompile Include="Anti Debug\HardwareBreakpoints.cpp">
      <Filter>Source Files</Filter>
    </ClCompile>
    <ClCompile Include="Anti Debug\Interrupt_0x2d.cpp">
      <Filter>Source Files</Filter>
    </ClCompile>
    <ClCompile Include="Anti Debug\Interrupt_3.cpp">
      <Filter>Source Files</Filter>
    </ClCompile>
    <ClCompile Include="Anti Debug\IsDebuggerPresent.cpp">
      <Filter>Source Files</Filter>
    </ClCompile>
    <ClCompile Include="Anti Debug\MemoryBreakpoints_PageGuard.cpp">
      <Filter>Source Files</Filter>
    </ClCompile>
    <ClCompile Include="Anti Debug\NtQueryInformationProcess_ProcessDebugFlags.cpp">
      <Filter>Source Files</Filter>
    </ClCompile>
    <ClCompile Include="Anti Debug\NtQueryInformationProcess_ProcessDebugObject.cpp">
      <Filter>Source Files</Filter>
    </ClCompile>
    <ClCompile Include="Anti Debug\NtQueryInformationProcess_ProcessDebugPort.cpp">
      <Filter>Source Files</Filter>
    </ClCompile>
    <ClCompile Include="Anti Debug\NtQueryObject_AllTypesInformation.cpp">
      <Filter>Source Files</Filter>
    </ClCompile>
    <ClCompile Include="Anti Debug\NtQueryObject_ObjectTypeInformation.cpp">
      <Filter>Source Files</Filter>
    </ClCompile>
    <ClCompile Include="Anti Debug\NtQuerySystemInformation_SystemKernelDebuggerInformation.cpp">
      <Filter>Source Files</Filter>
    </ClCompile>
    <ClCompile Include="Anti Debug\NtSetInformationThread_ThreadHideFromDebugger.cpp">
      <Filter>Source Files</Filter>
    </ClCompile>
    <ClCompile Include="Anti Debug\NtYieldExecution.cpp">
      <Filter>Source Files</Filter>
    </ClCompile>
    <ClCompile Include="Anti Debug\OutputDebugStringAPI.cpp">
      <Filter>Source Files</Filter>
    </ClCompile>
    <ClCompile Include="Anti Debug\ParentProcess.cpp">
      <Filter>Source Files</Filter>
    </ClCompile>
    <ClCompile Include="Anti Debug\PEB_BeingDebugged.cpp">
      <Filter>Source Files</Filter>
    </ClCompile>
    <ClCompile Include="Anti Debug\ProcessHeap_Flags.cpp">
      <Filter>Source Files</Filter>
    </ClCompile>
    <ClCompile Include="Anti Debug\ProcessHeap_ForceFlags.cpp">
      <Filter>Source Files</Filter>
    </ClCompile>
    <ClCompile Include="Anti Debug\ProcessHeap_NtGlobalFlag.cpp">
      <Filter>Source Files</Filter>
    </ClCompile>
    <ClCompile Include="Anti Debug\ProcessJob.cpp">
      <Filter>Source Files</Filter>
    </ClCompile>
    <ClCompile Include="Anti Debug\SeDebugPrivilege.cpp">
      <Filter>Source Files</Filter>
    </ClCompile>
    <ClCompile Include="Anti Debug\SetHandleInformation_API.cpp">
      <Filter>Source Files</Filter>
    </ClCompile>
    <ClCompile Include="Anti Debug\SharedUserData_KernelDebugger.cpp">
      <Filter>Source Files</Filter>
    </ClCompile>
    <ClCompile Include="Anti Debug\SoftwareBreakpoints.cpp">
      <Filter>Source Files</Filter>
    </ClCompile>
    <ClCompile Include="Anti Debug\TLS_callbacks.cpp">
      <Filter>Source Files</Filter>
    </ClCompile>
    <ClCompile Include="Anti Debug\UnhandledExceptionFilter_Handler.cpp">
      <Filter>Source Files</Filter>
    </ClCompile>
    <ClCompile Include="Anti Debug\WriteWatch.cpp">
      <Filter>Source Files</Filter>
    </ClCompile>
    <ClCompile Include="Anti Dump\ErasePEHeaderFromMemory.cpp">
      <Filter>Source Files</Filter>
    </ClCompile>
    <ClCompile Include="Anti Dump\SizeOfImage.cpp">
      <Filter>Source Files</Filter>
    </ClCompile>
    <ClCompile Include="Anti VM\Generic.cpp">
      <Filter>Source Files</Filter>
    </ClCompile>
    <ClCompile Include="Anti VM\Parallels.cpp">
      <Filter>Source Files</Filter>
    </ClCompile>
    <ClCompile Include="Anti VM\Qemu.cpp">
      <Filter>Source Files</Filter>
    </ClCompile>
    <ClCompile Include="Anti VM\Services.cpp">
      <Filter>Source Files</Filter>
    </ClCompile>
    <ClCompile Include="Anti VM\VirtualBox.cpp">
      <Filter>Source Files</Filter>
    </ClCompile>
    <ClCompile Include="Anti VM\VirtualPC.cpp">
      <Filter>Source Files</Filter>
    </ClCompile>
    <ClCompile Include="Anti VM\VMWare.cpp">
      <Filter>Source Files</Filter>
    </ClCompile>
    <ClCompile Include="Anti VM\Wine.cpp">
      <Filter>Source Files</Filter>
    </ClCompile>
    <ClCompile Include="Anti VM\Xen.cpp">
      <Filter>Source Files</Filter>
    </ClCompile>
    <ClCompile Include="Code Injections\CreateRemoteThread.cpp">
      <Filter>Source Files</Filter>
    </ClCompile>
    <ClCompile Include="Code Injections\GetSetThreadContext.cpp">
      <Filter>Source Files</Filter>
    </ClCompile>
    <ClCompile Include="Code Injections\NtCreateThreadEx.cpp">
      <Filter>Source Files</Filter>
    </ClCompile>
    <ClCompile Include="Code Injections\QueueUserAPC.cpp">
      <Filter>Source Files</Filter>
    </ClCompile>
    <ClCompile Include="Code Injections\RtlCreateUserThread.cpp">
      <Filter>Source Files</Filter>
    </ClCompile>
    <ClCompile Include="Code Injections\SetWindowsHooksEx.cpp">
      <Filter>Source Files</Filter>
    </ClCompile>
    <ClCompile Include="timing-attacks\timing.cpp">
      <Filter>Source Files</Filter>
    </ClCompile>
    <ClCompile Include="Al-khaser.cpp">
      <Filter>Source Files</Filter>
    </ClCompile>
  </ItemGroup>
  <ItemGroup>
    <ClInclude Include="Shared\Common.h">
      <Filter>Header Files</Filter>
    </ClInclude>
    <ClInclude Include="Shared\log.h">
      <Filter>Header Files</Filter>
    </ClInclude>
    <ClInclude Include="Shared\Main.h">
      <Filter>Header Files</Filter>
    </ClInclude>
    <ClInclude Include="Shared\Utils.h">
      <Filter>Header Files</Filter>
    </ClInclude>
    <ClInclude Include="Shared\VersionHelpers.h">
      <Filter>Header Files</Filter>
    </ClInclude>
    <ClInclude Include="Shared\winapifamily.h">
      <Filter>Header Files</Filter>
    </ClInclude>
    <ClInclude Include="Anti Analysis\file.h">
      <Filter>Header Files</Filter>
    </ClInclude>
    <ClInclude Include="Anti Analysis\process.h">
      <Filter>Header Files</Filter>
    </ClInclude>
    <ClInclude Include="Anti Debug\CheckRemoteDebuggerPresentAPI.h">
      <Filter>Header Files</Filter>
    </ClInclude>
    <ClInclude Include="Anti Debug\CloseHandle_InvalidHandle.h">
      <Filter>Header Files</Filter>
    </ClInclude>
    <ClInclude Include="Anti Debug\HardwareBreakpoints.h">
      <Filter>Header Files</Filter>
    </ClInclude>
    <ClInclude Include="Anti Debug\Interrupt_0x2d.h">
      <Filter>Header Files</Filter>
    </ClInclude>
    <ClInclude Include="Anti Debug\Interrupt_3.h">
      <Filter>Header Files</Filter>
    </ClInclude>
    <ClInclude Include="Anti Debug\IsDebuggerPresent.h">
      <Filter>Header Files</Filter>
    </ClInclude>
    <ClInclude Include="Anti Debug\MemoryBreakpoints_PageGuard.h">
      <Filter>Header Files</Filter>
    </ClInclude>
    <ClInclude Include="Anti Debug\NtQueryInformationProcess_ProcessDebugFlags.h">
      <Filter>Header Files</Filter>
    </ClInclude>
    <ClInclude Include="Anti Debug\NtQueryInformationProcess_ProcessDebugObject.h">
      <Filter>Header Files</Filter>
    </ClInclude>
    <ClInclude Include="Anti Debug\NtQueryInformationProcess_ProcessDebugPort.h">
      <Filter>Header Files</Filter>
    </ClInclude>
    <ClInclude Include="Anti Debug\NtQueryObject_ObjectInformation.h">
      <Filter>Header Files</Filter>
    </ClInclude>
    <ClInclude Include="Anti Debug\NtQuerySystemInformation_SystemKernelDebuggerInformation.h">
      <Filter>Header Files</Filter>
    </ClInclude>
    <ClInclude Include="Anti Debug\NtSetInformationThread_ThreadHideFromDebugger.h">
      <Filter>Header Files</Filter>
    </ClInclude>
    <ClInclude Include="Anti Debug\NtYieldExecution.h">
      <Filter>Header Files</Filter>
    </ClInclude>
    <ClInclude Include="Anti Debug\OutputDebugStringAPI.h">
      <Filter>Header Files</Filter>
    </ClInclude>
    <ClInclude Include="Anti Debug\ParentProcess.h">
      <Filter>Header Files</Filter>
    </ClInclude>
    <ClInclude Include="Anti Debug\PEB_BeingDebugged.h">
      <Filter>Header Files</Filter>
    </ClInclude>
    <ClInclude Include="Anti Debug\ProcessHeap_Flags.h">
      <Filter>Header Files</Filter>
    </ClInclude>
    <ClInclude Include="Anti Debug\ProcessHeap_ForceFlags.h">
      <Filter>Header Files</Filter>
    </ClInclude>
    <ClInclude Include="Anti Debug\ProcessHeap_NtGlobalFlag.h">
      <Filter>Header Files</Filter>
    </ClInclude>
    <ClInclude Include="Anti Debug\ProcessJob.h">
      <Filter>Header Files</Filter>
    </ClInclude>
    <ClInclude Include="Anti Debug\SeDebugPrivilege.h">
      <Filter>Header Files</Filter>
    </ClInclude>
    <ClInclude Include="Anti Debug\SetHandleInformation_API.h">
      <Filter>Header Files</Filter>
    </ClInclude>
    <ClInclude Include="Anti Debug\SharedUserData_KernelDebugger.h">
      <Filter>Header Files</Filter>
    </ClInclude>
    <ClInclude Include="Anti Debug\SoftwareBreakpoints.h">
      <Filter>Header Files</Filter>
    </ClInclude>
    <ClInclude Include="Anti Debug\TLS_callbacks.h">
      <Filter>Header Files</Filter>
    </ClInclude>
    <ClInclude Include="Anti Debug\UnhandledExceptionFilter_Handler.h">
      <Filter>Header Files</Filter>
    </ClInclude>
    <ClInclude Include="Anti Debug\WriteWatch.h">
      <Filter>Header Files</Filter>
    </ClInclude>
    <ClInclude Include="Anti Dump\ErasePEHeaderFromMemory.h">
      <Filter>Header Files</Filter>
    </ClInclude>
    <ClInclude Include="Anti Dump\SizeOfImage.h">
      <Filter>Header Files</Filter>
    </ClInclude>
    <ClInclude Include="Anti VM\Generic.h">
      <Filter>Header Files</Filter>
    </ClInclude>
    <ClInclude Include="Anti VM\Parallels.h">
      <Filter>Header Files</Filter>
    </ClInclude>
    <ClInclude Include="Anti VM\Qemu.h">
      <Filter>Header Files</Filter>
    </ClInclude>
    <ClInclude Include="Anti VM\Services.h">
      <Filter>Header Files</Filter>
    </ClInclude>
    <ClInclude Include="Anti VM\VirtualBox.h">
      <Filter>Header Files</Filter>
    </ClInclude>
    <ClInclude Include="Anti VM\VirtualPC.h">
      <Filter>Header Files</Filter>
    </ClInclude>
    <ClInclude Include="Anti VM\VMWare.h">
      <Filter>Header Files</Filter>
    </ClInclude>
    <ClInclude Include="Anti VM\Wine.h">
      <Filter>Header Files</Filter>
    </ClInclude>
    <ClInclude Include="Anti VM\Xen.h">
      <Filter>Header Files</Filter>
    </ClInclude>
    <ClInclude Include="Code Injections\CreateRemoteThread.h">
      <Filter>Header Files</Filter>
    </ClInclude>
    <ClInclude Include="Code Injections\GetSetThreadContext.h">
      <Filter>Header Files</Filter>
    </ClInclude>
    <ClInclude Include="Code Injections\NtCreateThreadEx.h">
      <Filter>Header Files</Filter>
    </ClInclude>
    <ClInclude Include="Code Injections\QueueUserAPC.h">
      <Filter>Header Files</Filter>
    </ClInclude>
    <ClInclude Include="Code Injections\RtlCreateUserThread.h">
      <Filter>Header Files</Filter>
    </ClInclude>
    <ClInclude Include="Code Injections\SetWindowsHooksEx.h">
      <Filter>Header Files</Filter>
    </ClInclude>
    <ClInclude Include="timing-attacks\timing.h">
      <Filter>Header Files</Filter>
    </ClInclude>
  </ItemGroup>
  <ItemGroup>
    <None Include="Anti Debug\int2d_x64.asm">
      <Filter>Source Files</Filter>
    </None>
  </ItemGroup>
  <ItemGroup>
    <MASM Include="Anti Debug\int2d_x86.asm">
      <Filter>Source Files</Filter>
    </MASM>
  </ItemGroup>
</Project>